
Microsoft Visual Studio Solution File, Format Version 12.00
Project("{FAE04EC0-301F-11D3-BF4B-00C04F79EFBC}") = "AsciiSlides", "AsciiSlides\AsciiSlides.csproj", "{CE5C0B0D-43C2-4EEA-8F81-A9E8A32D1ABF}"
EndProject
Project("{FAE04EC0-301F-11D3-BF4B-00C04F79EFBC}") = "ASTests", "ASTests\ASTests.csproj", "{800B1F6B-4383-4C7A-8EB8-B76D63F4A4C1}"
EndProject
Global
	GlobalSection(SolutionConfigurationPlatforms) = preSolution
		Debug|Any CPU = Debug|Any CPU
		Release|Any CPU = Release|Any CPU
	EndGlobalSection
	GlobalSection(ProjectConfigurationPlatforms) = postSolution
		{CE5C0B0D-43C2-4EEA-8F81-A9E8A32D1ABF}.Debug|Any CPU.ActiveCfg = Debug|Any CPU
		{CE5C0B0D-43C2-4EEA-8F81-A9E8A32D1ABF}.Debug|Any CPU.Build.0 = Debug|Any CPU
		{CE5C0B0D-43C2-4EEA-8F81-A9E8A32D1ABF}.Release|Any CPU.ActiveCfg = Release|Any CPU
		{CE5C0B0D-43C2-4EEA-8F81-A9E8A32D1ABF}.Release|Any CPU.Build.0 = Release|Any CPU
		{800B1F6B-4383-4C7A-8EB8-B76D63F4A4C1}.Debug|Any CPU.ActiveCfg = Debug|Any CPU
		{800B1F6B-4383-4C7A-8EB8-B76D63F4A4C1}.Debug|Any CPU.Build.0 = Debug|Any CPU
		{800B1F6B-4383-4C7A-8EB8-B76D63F4A4C1}.Release|Any CPU.ActiveCfg = Release|Any CPU
		{800B1F6B-4383-4C7A-8EB8-B76D63F4A4C1}.Release|Any CPU.Build.0 = Release|Any CPU
	EndGlobalSection
EndGlobal
